
Microsoft Visual Studio Solution File, Format Version 12.00
# Visual Studio Version 17
VisualStudioVersion = 17.7.34221.43
MinimumVisualStudioVersion = 10.0.40219.1
Project("{FAE04EC0-301F-11D3-BF4B-00C04F79EFBC}") = "EsoftApplication", "EsoftApplication\EsoftApplication.csproj", "{433E140A-605C-446C-A14F-0E7BD6B6B35D}"
EndProject
Global
	GlobalSection(SolutionConfigurationPlatforms) = preSolution
		Debug|Any CPU = Debug|Any CPU
		Release|Any CPU = Release|Any CPU
	EndGlobalSection
	GlobalSection(ProjectConfigurationPlatforms) = postSolution
		{433E140A-605C-446C-A14F-0E7BD6B6B35D}.Debug|Any CPU.ActiveCfg = Debug|Any CPU
		{433E140A-605C-446C-A14F-0E7BD6B6B35D}.Debug|Any CPU.Build.0 = Debug|Any CPU
		{433E140A-605C-446C-A14F-0E7BD6B6B35D}.Release|Any CPU.ActiveCfg = Release|Any CPU
		{433E140A-605C-446C-A14F-0E7BD6B6B35D}.Release|Any CPU.Build.0 = Release|Any CPU
	EndGlobalSection
	GlobalSection(SolutionProperties) = preSolution
		HideSolutionNode = FALSE
	EndGlobalSection
	GlobalSection(ExtensibilityGlobals) = postSolution
		SolutionGuid = {61F0EDA7-90C8-4F61-8DDC-13BCB47F0F3C}
	EndGlobalSection
EndGlobal
